
Microsoft Visual Studio Solution File, Format Version 12.00
# Visual Studio Version 16
VisualStudioVersion = 16.0.31313.79
MinimumVisualStudioVersion = 10.0.40219.1
Project("{9A19103F-16F7-4668-BE54-9A1E7A4F7556}") = "Final-Project", "Final-Project\Final-Project.csproj", "{B18649BF-1B07-4EF5-B6CE-E9369EFBE114}"
EndProject
Project("{FAE04EC0-301F-11D3-BF4B-00C04F79EFBC}") = "Final-ProjectTest", "Final-ProjectTest\Final-ProjectTest.csproj", "{173C4B2F-7C7A-405E-9418-AEFAEA28651F}"
EndProject
Global
	GlobalSection(SolutionConfigurationPlatforms) = preSolution
		Debug|Any CPU = Debug|Any CPU
		Release|Any CPU = Release|Any CPU
	EndGlobalSection
	GlobalSection(ProjectConfigurationPlatforms) = postSolution
		{B18649BF-1B07-4EF5-B6CE-E9369EFBE114}.Debug|Any CPU.ActiveCfg = Debug|Any CPU
		{B18649BF-1B07-4EF5-B6CE-E9369EFBE114}.Debug|Any CPU.Build.0 = Debug|Any CPU
		{B18649BF-1B07-4EF5-B6CE-E9369EFBE114}.Release|Any CPU.ActiveCfg = Release|Any CPU
		{B18649BF-1B07-4EF5-B6CE-E9369EFBE114}.Release|Any CPU.Build.0 = Release|Any CPU
		{173C4B2F-7C7A-405E-9418-AEFAEA28651F}.Debug|Any CPU.ActiveCfg = Debug|Any CPU
		{173C4B2F-7C7A-405E-9418-AEFAEA28651F}.Debug|Any CPU.Build.0 = Debug|Any CPU
		{173C4B2F-7C7A-405E-9418-AEFAEA28651F}.Release|Any CPU.ActiveCfg = Release|Any CPU
		{173C4B2F-7C7A-405E-9418-AEFAEA28651F}.Release|Any CPU.Build.0 = Release|Any CPU
	EndGlobalSection
	GlobalSection(SolutionProperties) = preSolution
		HideSolutionNode = FALSE
	EndGlobalSection
	GlobalSection(ExtensibilityGlobals) = postSolution
		SolutionGuid = {8AD059B1-667E-4D63-90D3-211CF2497174}
	EndGlobalSection
EndGlobal
