
Microsoft Visual Studio Solution File, Format Version 12.00
# Visual Studio Version 16
VisualStudioVersion = 16.0.31112.23
MinimumVisualStudioVersion = 10.0.40219.1
Project("{FAE04EC0-301F-11D3-BF4B-00C04F79EFBC}") = "Events_Hall", "Events_Hall\Events_Hall.csproj", "{C3D61FEF-2041-40E8-AD5F-3EE47B10CA76}"
EndProject
Project("{FAE04EC0-301F-11D3-BF4B-00C04F79EFBC}") = "Events_HallTest", "Events_HallTest\Events_HallTest.csproj", "{E60E1A38-72FA-4507-860E-3C739FF16290}"
EndProject
Global
	GlobalSection(SolutionConfigurationPlatforms) = preSolution
		Debug|Any CPU = Debug|Any CPU
		Release|Any CPU = Release|Any CPU
	EndGlobalSection
	GlobalSection(ProjectConfigurationPlatforms) = postSolution
		{C3D61FEF-2041-40E8-AD5F-3EE47B10CA76}.Debug|Any CPU.ActiveCfg = Debug|Any CPU
		{C3D61FEF-2041-40E8-AD5F-3EE47B10CA76}.Debug|Any CPU.Build.0 = Debug|Any CPU
		{C3D61FEF-2041-40E8-AD5F-3EE47B10CA76}.Release|Any CPU.ActiveCfg = Release|Any CPU
		{C3D61FEF-2041-40E8-AD5F-3EE47B10CA76}.Release|Any CPU.Build.0 = Release|Any CPU
		{E60E1A38-72FA-4507-860E-3C739FF16290}.Debug|Any CPU.ActiveCfg = Debug|Any CPU
		{E60E1A38-72FA-4507-860E-3C739FF16290}.Debug|Any CPU.Build.0 = Debug|Any CPU
		{E60E1A38-72FA-4507-860E-3C739FF16290}.Release|Any CPU.ActiveCfg = Release|Any CPU
		{E60E1A38-72FA-4507-860E-3C739FF16290}.Release|Any CPU.Build.0 = Release|Any CPU
	EndGlobalSection
	GlobalSection(SolutionProperties) = preSolution
		HideSolutionNode = FALSE
	EndGlobalSection
	GlobalSection(ExtensibilityGlobals) = postSolution
		SolutionGuid = {E300841F-9755-45DF-9CE3-7B53395329CF}
	EndGlobalSection
EndGlobal
