
Microsoft Visual Studio Solution File, Format Version 12.00
# Visual Studio Version 16
VisualStudioVersion = 16.0.809.10
MinimumVisualStudioVersion = 10.0.40219.1
Project("{9A19103F-16F7-4668-BE54-9A1E7A4F7556}") = "eBookshelf", "eBookshelf\eBookshelf.csproj", "{9E246FA2-1FAF-4CB2-8C95-EA0BA87872A8}"
EndProject
Project("{FAE04EC0-301F-11D3-BF4B-00C04F79EFBC}") = "eBookshelfTest", "eBookshelfTest\eBookshelfTest.csproj", "{55BD5794-7884-425C-BE5F-13A6CAF87AF9}"
EndProject
Global
	GlobalSection(SolutionConfigurationPlatforms) = preSolution
		Debug|Any CPU = Debug|Any CPU
		Release|Any CPU = Release|Any CPU
	EndGlobalSection
	GlobalSection(ProjectConfigurationPlatforms) = postSolution
		{9E246FA2-1FAF-4CB2-8C95-EA0BA87872A8}.Debug|Any CPU.ActiveCfg = Debug|Any CPU
		{9E246FA2-1FAF-4CB2-8C95-EA0BA87872A8}.Debug|Any CPU.Build.0 = Debug|Any CPU
		{9E246FA2-1FAF-4CB2-8C95-EA0BA87872A8}.Release|Any CPU.ActiveCfg = Release|Any CPU
		{9E246FA2-1FAF-4CB2-8C95-EA0BA87872A8}.Release|Any CPU.Build.0 = Release|Any CPU
		{55BD5794-7884-425C-BE5F-13A6CAF87AF9}.Debug|Any CPU.ActiveCfg = Debug|Any CPU
		{55BD5794-7884-425C-BE5F-13A6CAF87AF9}.Debug|Any CPU.Build.0 = Debug|Any CPU
		{55BD5794-7884-425C-BE5F-13A6CAF87AF9}.Release|Any CPU.ActiveCfg = Release|Any CPU
		{55BD5794-7884-425C-BE5F-13A6CAF87AF9}.Release|Any CPU.Build.0 = Release|Any CPU
	EndGlobalSection
	GlobalSection(SolutionProperties) = preSolution
		HideSolutionNode = FALSE
	EndGlobalSection
	GlobalSection(ExtensibilityGlobals) = postSolution
		SolutionGuid = {4A1E9C6D-2204-4372-A558-877FB7554B4D}
	EndGlobalSection
EndGlobal
