
Microsoft Visual Studio Solution File, Format Version 12.00
# Visual Studio Version 16
VisualStudioVersion = 16.0.31321.278
MinimumVisualStudioVersion = 10.0.40219.1
Project("{9A19103F-16F7-4668-BE54-9A1E7A4F7556}") = "ExamApplication", "ExamApplication\ExamApplication.csproj", "{8CE82793-093D-40C1-846B-B70A5585EE22}"
EndProject
Project("{9A19103F-16F7-4668-BE54-9A1E7A4F7556}") = "ExamApplicationTesT", "ExamApplicationTesT\ExamApplicationTesT.csproj", "{1E6A8DF3-579D-4C2C-B36A-A21DA21EBFB9}"
EndProject
Global
	GlobalSection(SolutionConfigurationPlatforms) = preSolution
		Debug|Any CPU = Debug|Any CPU
		Release|Any CPU = Release|Any CPU
	EndGlobalSection
	GlobalSection(ProjectConfigurationPlatforms) = postSolution
		{8CE82793-093D-40C1-846B-B70A5585EE22}.Debug|Any CPU.ActiveCfg = Debug|Any CPU
		{8CE82793-093D-40C1-846B-B70A5585EE22}.Debug|Any CPU.Build.0 = Debug|Any CPU
		{8CE82793-093D-40C1-846B-B70A5585EE22}.Release|Any CPU.ActiveCfg = Release|Any CPU
		{8CE82793-093D-40C1-846B-B70A5585EE22}.Release|Any CPU.Build.0 = Release|Any CPU
		{1E6A8DF3-579D-4C2C-B36A-A21DA21EBFB9}.Debug|Any CPU.ActiveCfg = Debug|Any CPU
		{1E6A8DF3-579D-4C2C-B36A-A21DA21EBFB9}.Debug|Any CPU.Build.0 = Debug|Any CPU
		{1E6A8DF3-579D-4C2C-B36A-A21DA21EBFB9}.Release|Any CPU.ActiveCfg = Release|Any CPU
		{1E6A8DF3-579D-4C2C-B36A-A21DA21EBFB9}.Release|Any CPU.Build.0 = Release|Any CPU
	EndGlobalSection
	GlobalSection(SolutionProperties) = preSolution
		HideSolutionNode = FALSE
	EndGlobalSection
	GlobalSection(ExtensibilityGlobals) = postSolution
		SolutionGuid = {63D1CBCB-6E94-466A-A325-2F9D459E607E}
	EndGlobalSection
EndGlobal
