
Microsoft Visual Studio Solution File, Format Version 12.00
# Visual Studio Version 16
VisualStudioVersion = 16.0.31313.79
MinimumVisualStudioVersion = 10.0.40219.1
Project("{9A19103F-16F7-4668-BE54-9A1E7A4F7556}") = "HjtProject", "HjtProject\HjtProject.csproj", "{9B3C470B-1F2E-49BC-B428-755EB9107FF1}"
EndProject
Project("{FAE04EC0-301F-11D3-BF4B-00C04F79EFBC}") = "HjtProjectTest", "HjtProjectTest\HjtProjectTest.csproj", "{B3476F88-E919-482B-AC8F-AD4611EB251D}"
EndProject
Global
	GlobalSection(SolutionConfigurationPlatforms) = preSolution
		Debug|Any CPU = Debug|Any CPU
		Release|Any CPU = Release|Any CPU
	EndGlobalSection
	GlobalSection(ProjectConfigurationPlatforms) = postSolution
		{9B3C470B-1F2E-49BC-B428-755EB9107FF1}.Debug|Any CPU.ActiveCfg = Debug|Any CPU
		{9B3C470B-1F2E-49BC-B428-755EB9107FF1}.Debug|Any CPU.Build.0 = Debug|Any CPU
		{9B3C470B-1F2E-49BC-B428-755EB9107FF1}.Release|Any CPU.ActiveCfg = Release|Any CPU
		{9B3C470B-1F2E-49BC-B428-755EB9107FF1}.Release|Any CPU.Build.0 = Release|Any CPU
		{B3476F88-E919-482B-AC8F-AD4611EB251D}.Debug|Any CPU.ActiveCfg = Debug|Any CPU
		{B3476F88-E919-482B-AC8F-AD4611EB251D}.Debug|Any CPU.Build.0 = Debug|Any CPU
		{B3476F88-E919-482B-AC8F-AD4611EB251D}.Release|Any CPU.ActiveCfg = Release|Any CPU
		{B3476F88-E919-482B-AC8F-AD4611EB251D}.Release|Any CPU.Build.0 = Release|Any CPU
	EndGlobalSection
	GlobalSection(SolutionProperties) = preSolution
		HideSolutionNode = FALSE
	EndGlobalSection
	GlobalSection(ExtensibilityGlobals) = postSolution
		SolutionGuid = {309D6E8E-DB72-4291-8B31-C56918DC4E71}
	EndGlobalSection
EndGlobal
