
Microsoft Visual Studio Solution File, Format Version 12.00
# Visual Studio Version 16
VisualStudioVersion = 16.0.31129.286
MinimumVisualStudioVersion = 10.0.40219.1
Project("{FAE04EC0-301F-11D3-BF4B-00C04F79EFBC}") = "Project04_Auth_CRUD_ASP.NET", "Project04_Auth_CRUD_ASP.NET\Project04_Auth_CRUD_ASP.NET.csproj", "{C9C96D61-E073-43EB-A0B6-3446A92B8503}"
EndProject
Global
	GlobalSection(SolutionConfigurationPlatforms) = preSolution
		Debug|Any CPU = Debug|Any CPU
		Release|Any CPU = Release|Any CPU
	EndGlobalSection
	GlobalSection(ProjectConfigurationPlatforms) = postSolution
		{C9C96D61-E073-43EB-A0B6-3446A92B8503}.Debug|Any CPU.ActiveCfg = Debug|Any CPU
		{C9C96D61-E073-43EB-A0B6-3446A92B8503}.Debug|Any CPU.Build.0 = Debug|Any CPU
		{C9C96D61-E073-43EB-A0B6-3446A92B8503}.Release|Any CPU.ActiveCfg = Release|Any CPU
		{C9C96D61-E073-43EB-A0B6-3446A92B8503}.Release|Any CPU.Build.0 = Release|Any CPU
	EndGlobalSection
	GlobalSection(SolutionProperties) = preSolution
		HideSolutionNode = FALSE
	EndGlobalSection
	GlobalSection(ExtensibilityGlobals) = postSolution
		SolutionGuid = {3B27AD85-646D-443A-978F-952C9C272E6C}
	EndGlobalSection
EndGlobal
