
Microsoft Visual Studio Solution File, Format Version 12.00
# Visual Studio Version 16
VisualStudioVersion = 16.0.31205.134
MinimumVisualStudioVersion = 10.0.40219.1
Project("{9A19103F-16F7-4668-BE54-9A1E7A4F7556}") = "backend", "backend.csproj", "{EB4DD906-6FCE-4111-9832-CD3233204B79}"
EndProject
Project("{FAE04EC0-301F-11D3-BF4B-00C04F79EFBC}") = "backend-tests", "..\backend-tests\backend-tests.csproj", "{1B8CCEF8-E7FF-45DE-8152-371C762F020C}"
EndProject
Global
	GlobalSection(SolutionConfigurationPlatforms) = preSolution
		Debug|Any CPU = Debug|Any CPU
		Release|Any CPU = Release|Any CPU
	EndGlobalSection
	GlobalSection(ProjectConfigurationPlatforms) = postSolution
		{EB4DD906-6FCE-4111-9832-CD3233204B79}.Debug|Any CPU.ActiveCfg = Debug|Any CPU
		{EB4DD906-6FCE-4111-9832-CD3233204B79}.Debug|Any CPU.Build.0 = Debug|Any CPU
		{EB4DD906-6FCE-4111-9832-CD3233204B79}.Release|Any CPU.ActiveCfg = Release|Any CPU
		{EB4DD906-6FCE-4111-9832-CD3233204B79}.Release|Any CPU.Build.0 = Release|Any CPU
		{1B8CCEF8-E7FF-45DE-8152-371C762F020C}.Debug|Any CPU.ActiveCfg = Debug|Any CPU
		{1B8CCEF8-E7FF-45DE-8152-371C762F020C}.Debug|Any CPU.Build.0 = Debug|Any CPU
		{1B8CCEF8-E7FF-45DE-8152-371C762F020C}.Release|Any CPU.ActiveCfg = Release|Any CPU
		{1B8CCEF8-E7FF-45DE-8152-371C762F020C}.Release|Any CPU.Build.0 = Release|Any CPU
	EndGlobalSection
	GlobalSection(SolutionProperties) = preSolution
		HideSolutionNode = FALSE
	EndGlobalSection
	GlobalSection(ExtensibilityGlobals) = postSolution
		SolutionGuid = {D8FADB77-A0B5-4AB5-BB76-53177E3402BF}
	EndGlobalSection
EndGlobal
