
Microsoft Visual Studio Solution File, Format Version 12.00
# Visual Studio Version 16
VisualStudioVersion = 16.0.31402.337
MinimumVisualStudioVersion = 10.0.40219.1
Project("{9A19103F-16F7-4668-BE54-9A1E7A4F7556}") = "RSDC-API", "RSDC-API\RSDC-API.csproj", "{0F4451FE-7943-4B34-B91F-661ABCE21696}"
EndProject
Project("{FAE04EC0-301F-11D3-BF4B-00C04F79EFBC}") = "RSDC-UnitTests", "RSDC-UnitTests\RSDC-UnitTests.csproj", "{A5F68E4C-B77D-47B5-8F33-170888127861}"
EndProject
Global
	GlobalSection(SolutionConfigurationPlatforms) = preSolution
		Debug|Any CPU = Debug|Any CPU
		Release|Any CPU = Release|Any CPU
	EndGlobalSection
	GlobalSection(ProjectConfigurationPlatforms) = postSolution
		{0F4451FE-7943-4B34-B91F-661ABCE21696}.Debug|Any CPU.ActiveCfg = Debug|Any CPU
		{0F4451FE-7943-4B34-B91F-661ABCE21696}.Debug|Any CPU.Build.0 = Debug|Any CPU
		{0F4451FE-7943-4B34-B91F-661ABCE21696}.Release|Any CPU.ActiveCfg = Release|Any CPU
		{0F4451FE-7943-4B34-B91F-661ABCE21696}.Release|Any CPU.Build.0 = Release|Any CPU
		{A5F68E4C-B77D-47B5-8F33-170888127861}.Debug|Any CPU.ActiveCfg = Debug|Any CPU
		{A5F68E4C-B77D-47B5-8F33-170888127861}.Debug|Any CPU.Build.0 = Debug|Any CPU
		{A5F68E4C-B77D-47B5-8F33-170888127861}.Release|Any CPU.ActiveCfg = Release|Any CPU
		{A5F68E4C-B77D-47B5-8F33-170888127861}.Release|Any CPU.Build.0 = Release|Any CPU
	EndGlobalSection
	GlobalSection(SolutionProperties) = preSolution
		HideSolutionNode = FALSE
	EndGlobalSection
	GlobalSection(ExtensibilityGlobals) = postSolution
		SolutionGuid = {32B7EB0E-A5FC-4BF0-B35D-A4A2CC623D36}
	EndGlobalSection
EndGlobal
