
Microsoft Visual Studio Solution File, Format Version 12.00
# Visual Studio Version 16
VisualStudioVersion = 16.0.31321.278
MinimumVisualStudioVersion = 10.0.40219.1
Project("{9A19103F-16F7-4668-BE54-9A1E7A4F7556}") = "Adoption", "Adoption\Adoption.csproj", "{0D2E1694-1C1B-493B-86C2-0AEFAB670F37}"
EndProject
Global
	GlobalSection(SolutionConfigurationPlatforms) = preSolution
		Debug|Any CPU = Debug|Any CPU
		Release|Any CPU = Release|Any CPU
	EndGlobalSection
	GlobalSection(ProjectConfigurationPlatforms) = postSolution
		{0D2E1694-1C1B-493B-86C2-0AEFAB670F37}.Debug|Any CPU.ActiveCfg = Debug|Any CPU
		{0D2E1694-1C1B-493B-86C2-0AEFAB670F37}.Debug|Any CPU.Build.0 = Debug|Any CPU
		{0D2E1694-1C1B-493B-86C2-0AEFAB670F37}.Release|Any CPU.ActiveCfg = Release|Any CPU
		{0D2E1694-1C1B-493B-86C2-0AEFAB670F37}.Release|Any CPU.Build.0 = Release|Any CPU
	EndGlobalSection
	GlobalSection(SolutionProperties) = preSolution
		HideSolutionNode = FALSE
	EndGlobalSection
	GlobalSection(ExtensibilityGlobals) = postSolution
		SolutionGuid = {0286CA1E-9D66-495E-8854-F6A73FE17E28}
	EndGlobalSection
EndGlobal
