{
  "requires": true,
  "lockfileVersion": 1,
  "dependencies": {
    "bootswatch": {
      "version": "5.0.1",
      "resolved": "https://registry.npmjs.org/bootswatch/-/bootswatch-5.0.1.tgz",
      "integrity": "sha512-qTTUvlBzyd7VR8S089uYRmCYmrAZruPhqEE9yCdek0fm4ELbJ3hGKAILT/tEv3N3r5Aps4teybQr/uCG3e9IaA=="
    },
    "materialize-css": {
      "version": "1.0.0-rc.2",
      "resolved": "https://registry.npmjs.org/materialize-css/-/materialize-css-1.0.0-rc.2.tgz",
      "integrity": "sha512-FuQmSyq4Qv0ov7A2qXw0E6/jbQzSWx2P1pg2/XQDYTkkSc/GyiFAxu3fw9zgShwuTvyumEiw5jkxQWT9siqMBQ=="
    }
  }
}
