
Microsoft Visual Studio Solution File, Format Version 12.00
# Visual Studio Version 16
VisualStudioVersion = 16.0.31112.23
MinimumVisualStudioVersion = 10.0.40219.1
Project("{FAE04EC0-301F-11D3-BF4B-00C04F79EFBC}") = "GiftShop", "GiftShop\GiftShop.csproj", "{4B63EE43-B1C2-4D5A-BE0D-87D048191F72}"
EndProject
Global
	GlobalSection(SolutionConfigurationPlatforms) = preSolution
		Debug|Any CPU = Debug|Any CPU
		Release|Any CPU = Release|Any CPU
	EndGlobalSection
	GlobalSection(ProjectConfigurationPlatforms) = postSolution
		{4B63EE43-B1C2-4D5A-BE0D-87D048191F72}.Debug|Any CPU.ActiveCfg = Debug|Any CPU
		{4B63EE43-B1C2-4D5A-BE0D-87D048191F72}.Debug|Any CPU.Build.0 = Debug|Any CPU
		{4B63EE43-B1C2-4D5A-BE0D-87D048191F72}.Release|Any CPU.ActiveCfg = Release|Any CPU
		{4B63EE43-B1C2-4D5A-BE0D-87D048191F72}.Release|Any CPU.Build.0 = Release|Any CPU
	EndGlobalSection
	GlobalSection(SolutionProperties) = preSolution
		HideSolutionNode = FALSE
	EndGlobalSection
	GlobalSection(ExtensibilityGlobals) = postSolution
		SolutionGuid = {A0F89F7E-B1CF-4A63-82DB-F8037AFA3CF7}
	EndGlobalSection
EndGlobal
