
Microsoft Visual Studio Solution File, Format Version 12.00
# Visual Studio Version 16
VisualStudioVersion = 16.0.31321.278
MinimumVisualStudioVersion = 10.0.40219.1
Project("{9A19103F-16F7-4668-BE54-9A1E7A4F7556}") = "DarkWhiteCodeExhibition", "DarkWhiteCodeExhibition\DarkWhiteCodeExhibition.csproj", "{969CFF67-24D6-4ACD-BD65-F655F84078FD}"
EndProject
Project("{FAE04EC0-301F-11D3-BF4B-00C04F79EFBC}") = "DarkWhiteCodeExhibitionTest", "DarkWhiteCodeExhibitionTest\DarkWhiteCodeExhibitionTest.csproj", "{3FD0C259-7600-44AB-A89B-DA7AA004F2C3}"
EndProject
Global
	GlobalSection(SolutionConfigurationPlatforms) = preSolution
		Debug|Any CPU = Debug|Any CPU
		Release|Any CPU = Release|Any CPU
	EndGlobalSection
	GlobalSection(ProjectConfigurationPlatforms) = postSolution
		{969CFF67-24D6-4ACD-BD65-F655F84078FD}.Debug|Any CPU.ActiveCfg = Debug|Any CPU
		{969CFF67-24D6-4ACD-BD65-F655F84078FD}.Debug|Any CPU.Build.0 = Debug|Any CPU
		{969CFF67-24D6-4ACD-BD65-F655F84078FD}.Release|Any CPU.ActiveCfg = Release|Any CPU
		{969CFF67-24D6-4ACD-BD65-F655F84078FD}.Release|Any CPU.Build.0 = Release|Any CPU
		{3FD0C259-7600-44AB-A89B-DA7AA004F2C3}.Debug|Any CPU.ActiveCfg = Debug|Any CPU
		{3FD0C259-7600-44AB-A89B-DA7AA004F2C3}.Debug|Any CPU.Build.0 = Debug|Any CPU
		{3FD0C259-7600-44AB-A89B-DA7AA004F2C3}.Release|Any CPU.ActiveCfg = Release|Any CPU
		{3FD0C259-7600-44AB-A89B-DA7AA004F2C3}.Release|Any CPU.Build.0 = Release|Any CPU
	EndGlobalSection
	GlobalSection(SolutionProperties) = preSolution
		HideSolutionNode = FALSE
	EndGlobalSection
	GlobalSection(ExtensibilityGlobals) = postSolution
		SolutionGuid = {0880F271-A96A-44AF-8CC3-0B4FB05377E9}
	EndGlobalSection
EndGlobal
