
Microsoft Visual Studio Solution File, Format Version 12.00
# Visual Studio Version 16
VisualStudioVersion = 16.0.31321.278
MinimumVisualStudioVersion = 10.0.40219.1
Project("{FAE04EC0-301F-11D3-BF4B-00C04F79EFBC}") = "Final_project", "Final_project\Final_project.csproj", "{98B04AD8-25CF-43BE-BEA2-823778B84E32}"
EndProject
Project("{FAE04EC0-301F-11D3-BF4B-00C04F79EFBC}") = "Final_projectTest", "Final_projectTest\Final_projectTest.csproj", "{2499C6AA-C983-48A3-B211-4853C04EA428}"
EndProject
Global
	GlobalSection(SolutionConfigurationPlatforms) = preSolution
		Debug|Any CPU = Debug|Any CPU
		Release|Any CPU = Release|Any CPU
	EndGlobalSection
	GlobalSection(ProjectConfigurationPlatforms) = postSolution
		{98B04AD8-25CF-43BE-BEA2-823778B84E32}.Debug|Any CPU.ActiveCfg = Debug|Any CPU
		{98B04AD8-25CF-43BE-BEA2-823778B84E32}.Debug|Any CPU.Build.0 = Debug|Any CPU
		{98B04AD8-25CF-43BE-BEA2-823778B84E32}.Release|Any CPU.ActiveCfg = Release|Any CPU
		{98B04AD8-25CF-43BE-BEA2-823778B84E32}.Release|Any CPU.Build.0 = Release|Any CPU
		{2499C6AA-C983-48A3-B211-4853C04EA428}.Debug|Any CPU.ActiveCfg = Debug|Any CPU
		{2499C6AA-C983-48A3-B211-4853C04EA428}.Debug|Any CPU.Build.0 = Debug|Any CPU
		{2499C6AA-C983-48A3-B211-4853C04EA428}.Release|Any CPU.ActiveCfg = Release|Any CPU
		{2499C6AA-C983-48A3-B211-4853C04EA428}.Release|Any CPU.Build.0 = Release|Any CPU
	EndGlobalSection
	GlobalSection(SolutionProperties) = preSolution
		HideSolutionNode = FALSE
	EndGlobalSection
	GlobalSection(ExtensibilityGlobals) = postSolution
		SolutionGuid = {3CC60D84-BF52-46A1-A493-A99F138A619D}
	EndGlobalSection
EndGlobal
