
Microsoft Visual Studio Solution File, Format Version 12.00
# Visual Studio Version 16
VisualStudioVersion = 16.0.31321.278
MinimumVisualStudioVersion = 10.0.40219.1
Project("{9A19103F-16F7-4668-BE54-9A1E7A4F7556}") = "HotelReservationManagement", "HotelReservationManagement\HotelReservationManagement.csproj", "{EE6DDC8E-E989-4A01-BE21-04844DDC8022}"
EndProject
Project("{FAE04EC0-301F-11D3-BF4B-00C04F79EFBC}") = "HotelREservationManagementTest", "HotelREservationManagementTest\HotelREservationManagementTest.csproj", "{3F781228-A14B-4FCD-BC2F-0B6AA0377623}"
EndProject
Global
	GlobalSection(SolutionConfigurationPlatforms) = preSolution
		Debug|Any CPU = Debug|Any CPU
		Release|Any CPU = Release|Any CPU
	EndGlobalSection
	GlobalSection(ProjectConfigurationPlatforms) = postSolution
		{EE6DDC8E-E989-4A01-BE21-04844DDC8022}.Debug|Any CPU.ActiveCfg = Debug|Any CPU
		{EE6DDC8E-E989-4A01-BE21-04844DDC8022}.Debug|Any CPU.Build.0 = Debug|Any CPU
		{EE6DDC8E-E989-4A01-BE21-04844DDC8022}.Release|Any CPU.ActiveCfg = Release|Any CPU
		{EE6DDC8E-E989-4A01-BE21-04844DDC8022}.Release|Any CPU.Build.0 = Release|Any CPU
		{3F781228-A14B-4FCD-BC2F-0B6AA0377623}.Debug|Any CPU.ActiveCfg = Debug|Any CPU
		{3F781228-A14B-4FCD-BC2F-0B6AA0377623}.Debug|Any CPU.Build.0 = Debug|Any CPU
		{3F781228-A14B-4FCD-BC2F-0B6AA0377623}.Release|Any CPU.ActiveCfg = Release|Any CPU
		{3F781228-A14B-4FCD-BC2F-0B6AA0377623}.Release|Any CPU.Build.0 = Release|Any CPU
	EndGlobalSection
	GlobalSection(SolutionProperties) = preSolution
		HideSolutionNode = FALSE
	EndGlobalSection
	GlobalSection(ExtensibilityGlobals) = postSolution
		SolutionGuid = {7FE5F631-026A-40E5-BE4A-D02073A502EC}
	EndGlobalSection
EndGlobal
