
Microsoft Visual Studio Solution File, Format Version 12.00
# Visual Studio Version 16
VisualStudioVersion = 16.0.31112.23
MinimumVisualStudioVersion = 10.0.40219.1
Project("{FAE04EC0-301F-11D3-BF4B-00C04F79EFBC}") = "GiftShopV1", "GiftShopV1\GiftShopV1.csproj", "{786C3B71-B9DB-48AA-9E80-009B56EDC6AE}"
EndProject
Global
	GlobalSection(SolutionConfigurationPlatforms) = preSolution
		Debug|Any CPU = Debug|Any CPU
		Release|Any CPU = Release|Any CPU
	EndGlobalSection
	GlobalSection(ProjectConfigurationPlatforms) = postSolution
		{786C3B71-B9DB-48AA-9E80-009B56EDC6AE}.Debug|Any CPU.ActiveCfg = Debug|Any CPU
		{786C3B71-B9DB-48AA-9E80-009B56EDC6AE}.Debug|Any CPU.Build.0 = Debug|Any CPU
		{786C3B71-B9DB-48AA-9E80-009B56EDC6AE}.Release|Any CPU.ActiveCfg = Release|Any CPU
		{786C3B71-B9DB-48AA-9E80-009B56EDC6AE}.Release|Any CPU.Build.0 = Release|Any CPU
	EndGlobalSection
	GlobalSection(SolutionProperties) = preSolution
		HideSolutionNode = FALSE
	EndGlobalSection
	GlobalSection(ExtensibilityGlobals) = postSolution
		SolutionGuid = {21AE74F5-ECFA-472E-ABE1-0B4AF0113A24}
	EndGlobalSection
EndGlobal
