
Microsoft Visual Studio Solution File, Format Version 12.00
# Visual Studio Version 16
VisualStudioVersion = 16.0.809.6
MinimumVisualStudioVersion = 10.0.40219.1
Project("{FAE04EC0-301F-11D3-BF4B-00C04F79EFBC}") = "FinalProject", "FinalProject.csproj", "{6F4369C8-72C0-4BB8-801B-913BBB732749}"
EndProject
Global
	GlobalSection(SolutionConfigurationPlatforms) = preSolution
		Debug|Any CPU = Debug|Any CPU
		Release|Any CPU = Release|Any CPU
	EndGlobalSection
	GlobalSection(ProjectConfigurationPlatforms) = postSolution
		{6F4369C8-72C0-4BB8-801B-913BBB732749}.Debug|Any CPU.ActiveCfg = Debug|Any CPU
		{6F4369C8-72C0-4BB8-801B-913BBB732749}.Debug|Any CPU.Build.0 = Debug|Any CPU
		{6F4369C8-72C0-4BB8-801B-913BBB732749}.Release|Any CPU.ActiveCfg = Release|Any CPU
		{6F4369C8-72C0-4BB8-801B-913BBB732749}.Release|Any CPU.Build.0 = Release|Any CPU
	EndGlobalSection
	GlobalSection(SolutionProperties) = preSolution
		HideSolutionNode = FALSE
	EndGlobalSection
	GlobalSection(ExtensibilityGlobals) = postSolution
		SolutionGuid = {523726B8-0749-4C44-A4FA-879BEE748800}
	EndGlobalSection
EndGlobal
