
Microsoft Visual Studio Solution File, Format Version 12.00
# Visual Studio Version 16
VisualStudioVersion = 16.0.31205.134
MinimumVisualStudioVersion = 10.0.40219.1
Project("{9A19103F-16F7-4668-BE54-9A1E7A4F7556}") = "FinalProject", "FinalProject\FinalProject.csproj", "{22F03B58-575D-4982-8E32-5317C227EF2A}"
EndProject
Project("{FAE04EC0-301F-11D3-BF4B-00C04F79EFBC}") = "FinalProject.Test", "FinalProject.Test\FinalProject.Test.csproj", "{7FE48AA1-1A55-48C3-907A-E75377C3F9EB}"
EndProject
Global
	GlobalSection(SolutionConfigurationPlatforms) = preSolution
		Debug|Any CPU = Debug|Any CPU
		Release|Any CPU = Release|Any CPU
	EndGlobalSection
	GlobalSection(ProjectConfigurationPlatforms) = postSolution
		{22F03B58-575D-4982-8E32-5317C227EF2A}.Debug|Any CPU.ActiveCfg = Debug|Any CPU
		{22F03B58-575D-4982-8E32-5317C227EF2A}.Debug|Any CPU.Build.0 = Debug|Any CPU
		{22F03B58-575D-4982-8E32-5317C227EF2A}.Release|Any CPU.ActiveCfg = Release|Any CPU
		{22F03B58-575D-4982-8E32-5317C227EF2A}.Release|Any CPU.Build.0 = Release|Any CPU
		{7FE48AA1-1A55-48C3-907A-E75377C3F9EB}.Debug|Any CPU.ActiveCfg = Debug|Any CPU
		{7FE48AA1-1A55-48C3-907A-E75377C3F9EB}.Debug|Any CPU.Build.0 = Debug|Any CPU
		{7FE48AA1-1A55-48C3-907A-E75377C3F9EB}.Release|Any CPU.ActiveCfg = Release|Any CPU
		{7FE48AA1-1A55-48C3-907A-E75377C3F9EB}.Release|Any CPU.Build.0 = Release|Any CPU
	EndGlobalSection
	GlobalSection(SolutionProperties) = preSolution
		HideSolutionNode = FALSE
	EndGlobalSection
	GlobalSection(ExtensibilityGlobals) = postSolution
		SolutionGuid = {1B197BF9-EF38-4435-901F-E43EAC0FC321}
	EndGlobalSection
EndGlobal
