
Microsoft Visual Studio Solution File, Format Version 12.00
# Visual Studio Version 16
VisualStudioVersion = 16.0.31402.337
MinimumVisualStudioVersion = 10.0.40219.1
Project("{FAE04EC0-301F-11D3-BF4B-00C04F79EFBC}") = "Keraa", "Keraa\Keraa.csproj", "{CAF6E52A-6BB6-4999-90C9-1EC3C939C0E7}"
EndProject
Global
	GlobalSection(SolutionConfigurationPlatforms) = preSolution
		Debug|Any CPU = Debug|Any CPU
		Release|Any CPU = Release|Any CPU
	EndGlobalSection
	GlobalSection(ProjectConfigurationPlatforms) = postSolution
		{CAF6E52A-6BB6-4999-90C9-1EC3C939C0E7}.Debug|Any CPU.ActiveCfg = Debug|Any CPU
		{CAF6E52A-6BB6-4999-90C9-1EC3C939C0E7}.Debug|Any CPU.Build.0 = Debug|Any CPU
		{CAF6E52A-6BB6-4999-90C9-1EC3C939C0E7}.Release|Any CPU.ActiveCfg = Release|Any CPU
		{CAF6E52A-6BB6-4999-90C9-1EC3C939C0E7}.Release|Any CPU.Build.0 = Release|Any CPU
	EndGlobalSection
	GlobalSection(SolutionProperties) = preSolution
		HideSolutionNode = FALSE
	EndGlobalSection
	GlobalSection(ExtensibilityGlobals) = postSolution
		SolutionGuid = {7747DE9A-EEDD-4EBD-9A15-B1A1485EE908}
	EndGlobalSection
EndGlobal
